
Microsoft Visual Studio Solution File, Format Version 12.00
# Visual Studio 15
VisualStudioVersion = 15.0.26730.3
MinimumVisualStudioVersion = 10.0.40219.1
Project("{FAE04EC0-301F-11D3-BF4B-00C04F79EFBC}") = "AllotmentPlanner", "AllotmentPlanner\AllotmentPlanner.csproj", "{C231C167-625E-4E67-985C-27D41EA56262}"
EndProject
Global
	GlobalSection(SolutionConfigurationPlatforms) = preSolution
		Debug|Any CPU = Debug|Any CPU
		Release|Any CPU = Release|Any CPU
	EndGlobalSection
	GlobalSection(ProjectConfigurationPlatforms) = postSolution
		{C231C167-625E-4E67-985C-27D41EA56262}.Debug|Any CPU.ActiveCfg = Debug|Any CPU
		{C231C167-625E-4E67-985C-27D41EA56262}.Debug|Any CPU.Build.0 = Debug|Any CPU
		{C231C167-625E-4E67-985C-27D41EA56262}.Release|Any CPU.ActiveCfg = Release|Any CPU
		{C231C167-625E-4E67-985C-27D41EA56262}.Release|Any CPU.Build.0 = Release|Any CPU
	EndGlobalSection
	GlobalSection(SolutionProperties) = preSolution
		HideSolutionNode = FALSE
	EndGlobalSection
	GlobalSection(ExtensibilityGlobals) = postSolution
		SolutionGuid = {EE0DA5F4-2EC8-4FFA-8A60-A656F7D26A8A}
	EndGlobalSection
EndGlobal
